{
  "name": "lifetimeline",
  "version": "0.0.1",
  "lockfileVersion": 2,
  "requires": true,
  "packages": {
    "": {
      "name": "lifetimeline",
      "version": "0.0.1",
      "license": "ISC",
      "devDependencies": {
        "@parcel/transformer-sass": "^2.6.2",
        "parcel": "^2.6.2"
      }
    }
  }
}